# THIS IS AN AUTOGENERATED FILE. DO NOT EDIT THIS FILE DIRECTLY.
assets/apple-icon.png:
  development: 2018-02-06T00:57:37+01:00   c0ffb4f7573c200e79874a1e89e03222
assets/checkout.scss.liquid:
  development: 2018-01-16T09:29:42-08:00   b55abf34895d096e17a391a818ce25f6
assets/google-icon.png:
  development: 2018-02-06T00:57:38+01:00   b2698d080d93d34aec411745f264fa17
assets/main.js.liquid:
  development: 2018-02-06T00:56:31+01:00   fc100f7ab90dae590b3c572537625146
assets/styles.scss:
  development: 2018-01-16T13:38:09-08:00   b605bf76f2dddeec843de79175c45271
assets/styles.scss.liquid:
  development: 2018-02-06T00:56:31+01:00   cdfa2603f1228ea047d12628f6bfffcf
assets/timber.scss.liquid:
  development: 2018-02-05T14:37:12-08:00   4e3ad395ad0acb49255c8b47a958c8c9
layout/theme.liquid:
  development: 2018-01-22T23:03:17+01:00   9229fc665dcad95f597d45546fd2aadc
locales/de.json:
  development: 2018-02-06T00:56:35+01:00   5f771e439de8f8234b08e98be00fa986
locales/en-GB.json:
  development: 2018-02-06T00:56:38+01:00   2d8703caee4b1af85d4f386951a04849
locales/en.default.json:
  development: 2018-02-06T00:56:38+01:00   1906563b3fa17302c46efca33144c1dd
locales/es.json:
  development: 2018-02-06T00:56:37+01:00   ba92603eb5373aea39ed784ca53802f2
locales/fr.json:
  development: 2018-02-06T00:56:36+01:00   db5bd25352008565ff24646239a2d9e9
snippets/analytics-scripts.liquid:
  development: 2018-01-09T10:47:38-08:00   95fe09e471f9e058d5433fd6c557840d
snippets/compatibility-kardiaband.liquid:
  development: 2018-02-06T00:56:29+01:00   7215466d37b8c14e044cf1fe8e05a838
snippets/compatibility-kardiamobile.liquid:
  development: 2018-02-06T00:56:44+01:00   daedf2d26330772fe68ac4f460f5f13b
snippets/icon-android.svg.liquid:
  development: 2018-02-06T00:56:32+01:00   0310f836bb7c5ddd5a51a0d3447080b2
snippets/icon-apple.svg.liquid:
  development: 2018-02-06T00:56:33+01:00   7803be7d9f1093ab9c89486cbdb5957b
snippets/icon-downarrow.svg.liquid:
  development: 2018-02-06T00:56:41+01:00   fb94ba6da7877013e1e9073ad4af3b86
snippets/icon-rightarrow.svg.liquid:
  development: 2018-02-06T00:56:41+01:00   14b4c382d4ebb1d9a701db3cf7b459d2
snippets/navigation.liquid:
  development: 2018-01-22T23:03:22+01:00   8d245f69dd9fd5a234423463397cd07b
snippets/product-tabs.liquid:
  development: 2018-02-06T00:56:43+01:00   20c79527dd7d2cba258b0ed2f1667c54
snippets/tech-specs-kardiaband.liquid:
  development: 2018-02-06T00:56:28+01:00   4c3745e2622b5f26ebe50b083c6d4d3b
snippets/tech-specs-kardiamobile.liquid:
  development: 2018-02-06T00:56:25+01:00   a33b70ced8ce763faf804edef0fef1e6
templates/index.liquid:
  development: 2018-01-24T01:08:06+01:00   1b2e59e07960c0b01a7668a955f8dd3f
templates/product.liquid:
  development: 2018-02-06T00:56:34+01:00   f851abbcefe00925c2afa19c45562288
templates/product.pop-up.liquid:
  development: 2018-01-22T23:03:19+01:00   19afcbbb8c09f8d70dd592e32240e6e1
templates/product.product-pre-order.liquid:
  development: 2018-01-22T23:03:19+01:00   0d77c9f2c05998305f64ba54b9f6434b
