# THIS IS AN AUTOGENERATED FILE. DO NOT EDIT THIS FILE DIRECTLY.
assets/apple-icon.png:
  development: 2018-02-06T00:57:37+01:00   c0ffb4f7573c200e79874a1e89e03222
assets/checkout.scss.liquid:
  development: 2018-02-13T14:01:12-08:00   bac3c9824bc2f70ed2b70904bc5fa1c3
assets/google-icon.png:
  development: 2018-02-06T00:57:38+01:00   b2698d080d93d34aec411745f264fa17
assets/main.js.liquid:
  development: 2018-02-06T00:56:31+01:00   fc100f7ab90dae590b3c572537625146
assets/styles.scss:
  development: 2018-01-16T13:38:09-08:00   b605bf76f2dddeec843de79175c45271
assets/styles.scss.liquid:
  development: 2018-02-06T00:56:31+01:00   cdfa2603f1228ea047d12628f6bfffcf
assets/timber.scss.liquid:
  development: 2018-02-12T16:41:35-08:00   a7897f1515796063eb0d63c2723e2b0f
layout/checkout.liquid:
  development: 2018-02-14T14:18:39-08:00   b4b70c2fc20ff5fa7e6d6be51f613eec
layout/theme.liquid:
  development: 2018-02-13T01:55:21+01:00   3a866a0d0a20aa38b92dc598aeca9cba
locales/de.json:
  development: 2018-02-22T13:15:54-08:00   ac90a3334c48a247760ddd1547b478c5
locales/en-GB.json:
  development: 2018-02-22T13:15:52-08:00   ddcfdc2606d63a45e1c729f920c6fa58
locales/en.default.json:
  development: 2018-02-22T13:15:51-08:00   65a50a5cd246cb2d816691e32c513f81
locales/es.json:
  development: 2018-02-22T13:16:01-08:00   2c238c4e0ff32dde80a408f78b69346e
locales/fr.json:
  development: 2018-02-22T13:16:02-08:00   bca6e967d7b644d47823889fbe3e856f
snippets/analytics-scripts.liquid:
  development: 2018-02-15T11:38:06-08:00   56fd998135ad014dd79f3a6be9cfbc0d
snippets/compatibility-kardiaband.liquid:
  development: 2018-02-06T00:56:29+01:00   7215466d37b8c14e044cf1fe8e05a838
snippets/compatibility-kardiamobile.liquid:
  development: 2018-02-06T00:56:44+01:00   daedf2d26330772fe68ac4f460f5f13b
snippets/gtm-body.liquid:
  development: 2018-02-13T01:55:18+01:00   1876a91a5b83ef0eff814f03bbf3bce0
snippets/gtm-head.liquid:
  development: 2018-02-13T01:55:17+01:00   070a3f94a05cd5945265a9f1bc717007
snippets/icon-android.svg.liquid:
  development: 2018-02-06T00:56:32+01:00   0310f836bb7c5ddd5a51a0d3447080b2
snippets/icon-apple.svg.liquid:
  development: 2018-02-06T00:56:33+01:00   7803be7d9f1093ab9c89486cbdb5957b
snippets/icon-downarrow.svg.liquid:
  development: 2018-02-06T00:56:41+01:00   fb94ba6da7877013e1e9073ad4af3b86
snippets/icon-rightarrow.svg.liquid:
  development: 2018-02-06T00:56:41+01:00   14b4c382d4ebb1d9a701db3cf7b459d2
snippets/navigation.liquid:
  development: 2018-01-22T23:03:22+01:00   8d245f69dd9fd5a234423463397cd07b
snippets/omniconvert.liquid:
  development: 2018-02-14T14:18:38-08:00   de7b5d0e26f66aae5373200c1d32334c
snippets/product-tabs.liquid:
  development: 2018-02-06T00:56:43+01:00   20c79527dd7d2cba258b0ed2f1667c54
snippets/tech-specs-kardiaband.liquid:
  development: 2018-02-06T00:56:28+01:00   4c3745e2622b5f26ebe50b083c6d4d3b
snippets/tech-specs-kardiamobile.liquid:
  development: 2018-02-06T00:56:25+01:00   a33b70ced8ce763faf804edef0fef1e6
templates/cart.liquid:
  development: 2018-02-22T13:16:03-08:00   9af551c894718763a38ca5d1c54c0486
templates/index.liquid:
  development: 2018-01-24T01:08:06+01:00   1b2e59e07960c0b01a7668a955f8dd3f
templates/product.liquid:
  development: 2018-02-06T00:56:34+01:00   f851abbcefe00925c2afa19c45562288
templates/product.pop-up.liquid:
  development: 2018-01-22T23:03:19+01:00   19afcbbb8c09f8d70dd592e32240e6e1
templates/product.product-pre-order.liquid:
  development: 2018-01-22T23:03:19+01:00   0d77c9f2c05998305f64ba54b9f6434b
