# THIS IS AN AUTOGENERATED FILE. DO NOT EDIT THIS FILE DIRECTLY.
assets/KB_video.jpg:
  development: 2018-03-26T23:42:33+02:00   f03438fdb2487d0d5b8613fcea2b43d9
assets/KM_video.jpg:
  development: 2018-03-26T23:42:34+02:00   ddbd97e9de4976ee3341cf9c340d207a
assets/apple-icon.png:
  development: 2018-02-06T00:57:37+01:00   c0ffb4f7573c200e79874a1e89e03222
assets/checkout.scss.liquid:
  development: 2018-02-13T14:01:12-08:00   bac3c9824bc2f70ed2b70904bc5fa1c3
assets/compat-detect.js.liquid:
  development: 2018-06-19T01:42:01+02:00   8d8a03ce0be7adf8b65f6348bbe22188
assets/fastco-logo.png:
  development: 2018-03-14T23:10:30+01:00   ed1e4b450f32757513302c4006f229fb
assets/google-icon.png:
  development: 2018-02-06T00:57:38+01:00   b2698d080d93d34aec411745f264fa17
assets/main.js.liquid:
  development: 2018-06-21T22:19:25+02:00   a73818f472c35e94c808a157935f7d68
assets/styles.scss:
  development: 2018-01-16T13:38:09-08:00   b605bf76f2dddeec843de79175c45271
assets/styles.scss.liquid:
  development: 2018-06-21T22:19:23+02:00   9bce57d55aa3062f1d82291e073a7839
assets/timber.scss.liquid:
  development: 2018-07-15T13:11:05-07:00   c4cac4b5f9376f7635001c8902f7a5ec
layout/checkout.liquid:
  development: 2018-07-24T09:27:37-07:00   9c4070e26a290fa8f0883b95a4e06a9a
layout/theme.liquid:
  development: 2018-06-19T01:42:02+02:00   3be62f9254ca3c7ecf826b4d959a44c5
locales/de.json:
  development: 2018-07-21T00:57:30+02:00   d71e55aa2e16ce889ae32d1061232449
locales/en-GB.json:
  development: 2018-07-21T00:57:27+02:00   891b2912143f6bf3b8d26144e9cf0184
locales/en.default.json:
  development: 2018-07-21T00:57:26+02:00   2ef5de91361370a9194b04dd742afc34
locales/es.json:
  development: 2018-07-21T00:57:28+02:00   a08e25d282d6f8ff682c29b888ba2155
locales/fr.json:
  development: 2018-07-21T00:57:29+02:00   0e5742d512b98a2f47d8f5536bea17b3
snippets/amp-script-head.liquid:
  development: 2018-06-08T14:15:25-07:00   d2e1311aaa979c2c3608a4a2b21d2700
snippets/amp-script.liquid:
  development: 2018-06-19T11:08:25-07:00   b2e277a44ae5e1e8a59f588b7e13598f
snippets/analytics-scripts.liquid:
  development: 2018-06-08T14:15:28-07:00   1951bcaa30cf60f490f0573d3628ce7f
snippets/benefit-icons-product.liquid:
  development: 2018-07-12T01:26:11+02:00   e3e5a3d85204056fb2bf583ad025f6dd
snippets/compatibility-kardiaband.liquid:
  development: 2018-07-21T00:57:30+02:00   93fd4180208031e20e2295d43eaaf358
snippets/compatibility-kardiamobile.liquid:
  development: 2018-07-21T00:59:45+02:00   afde1f00e0507e1554d50946aca90dd7
snippets/cookie-banner.liquid:
  development: 2018-05-25T01:21:25+02:00   9f1d81800a88d98e508e01de3176d4c5
snippets/discount-code-head-script.liquid:
  development: 2018-06-21T13:00:31-07:00   c1f248729bf6f25742c13b5ba225feaf
snippets/footer.liquid:
  development: 2018-05-02T22:17:22+01:00   9cd68a4387b51af5716335427f356db1
snippets/gtm-body.liquid:
  development: 2018-02-13T01:55:18+01:00   1876a91a5b83ef0eff814f03bbf3bce0
snippets/gtm-head.liquid:
  development: 2018-02-13T01:55:17+01:00   070a3f94a05cd5945265a9f1bc717007
snippets/home-grid-item.liquid:
  development: 2018-05-25T09:58:41-07:00   4d2c01276ff3708ed1b0a70b2495e8f9
snippets/home-main-item.liquid:
  development: 2018-07-17T17:11:55-07:00   136abeac1232cb52b0a76a174da4e494
snippets/icon-android.svg.liquid:
  development: 2018-02-06T00:56:32+01:00   0310f836bb7c5ddd5a51a0d3447080b2
snippets/icon-apple.svg.liquid:
  development: 2018-02-06T00:56:33+01:00   7803be7d9f1093ab9c89486cbdb5957b
snippets/icon-downarrow.svg.liquid:
  development: 2018-02-06T00:56:41+01:00   fb94ba6da7877013e1e9073ad4af3b86
snippets/icon-five-stars.svg.liquid:
  development: 2018-05-15T11:26:54-07:00   c97894c1ccea3a2aab5e1ad65f501271
snippets/icon-rightarrow.svg.liquid:
  development: 2018-02-06T00:56:41+01:00   14b4c382d4ebb1d9a701db3cf7b459d2
snippets/modal.liquid:
  development: 2018-07-05T21:44:40+01:00   d91bd7dab10146a1da937022cfb5e158
snippets/navigation.liquid:
  development: 2018-05-02T22:17:23+01:00   bd916aa90a279a3e21e8add451e1c5d1
snippets/omniconvert.liquid:
  development: 2018-02-22T22:19:10+01:00   de7b5d0e26f66aae5373200c1d32334c
snippets/product-tabs.liquid:
  development: 2018-02-06T00:56:43+01:00   20c79527dd7d2cba258b0ed2f1667c54
snippets/tech-specs-kardiaband.liquid:
  development: 2018-02-06T00:56:28+01:00   4c3745e2622b5f26ebe50b083c6d4d3b
snippets/tech-specs-kardiamobile.liquid:
  development: 2018-02-06T00:56:25+01:00   a33b70ced8ce763faf804edef0fef1e6
templates/cart.liquid:
  development: 2018-06-21T11:07:22-07:00   971f61bd77e5b42daa565888f5917ed8
templates/index.liquid:
  development: 2018-07-13T19:46:48+02:00   e2e4175495e604fcccee881c273b522e
templates/product.liquid:
  development: 2018-07-17T17:11:57-07:00   294ea223482f9f070d9a2c52d3bed71a
templates/product.pop-up.liquid:
  development: 2018-01-22T23:03:19+01:00   19afcbbb8c09f8d70dd592e32240e6e1
templates/product.product-pre-order.liquid:
  development: 2018-01-22T23:03:19+01:00   0d77c9f2c05998305f64ba54b9f6434b
